
Microsoft Visual Studio Solution File, Format Version 12.00
# Visual Studio Version 16
VisualStudioVersion = 16.0.31829.152
MinimumVisualStudioVersion = 10.0.40219.1
Project("{FAE04EC0-301F-11D3-BF4B-00C04F79EFBC}") = "WindowsFormsApp_LAB2", "WindowsFormsApp_LAB2\WindowsFormsApp_LAB2.csproj", "{1C2147F7-A085-43B3-8F4E-F89C2BA5715F}"
EndProject
Project("{FAE04EC0-301F-11D3-BF4B-00C04F79EFBC}") = "dbTestDAL", "ClassLibrary1\dbTestDAL.csproj", "{EC764A17-6320-4F16-B79F-DF234F9E0C1F}"
EndProject
Global
	GlobalSection(SolutionConfigurationPlatforms) = preSolution
		Debug|Any CPU = Debug|Any CPU
		Release|Any CPU = Release|Any CPU
	EndGlobalSection
	GlobalSection(ProjectConfigurationPlatforms) = postSolution
		{1C2147F7-A085-43B3-8F4E-F89C2BA5715F}.Debug|Any CPU.ActiveCfg = Debug|Any CPU
		{1C2147F7-A085-43B3-8F4E-F89C2BA5715F}.Debug|Any CPU.Build.0 = Debug|Any CPU
		{1C2147F7-A085-43B3-8F4E-F89C2BA5715F}.Release|Any CPU.ActiveCfg = Release|Any CPU
		{1C2147F7-A085-43B3-8F4E-F89C2BA5715F}.Release|Any CPU.Build.0 = Release|Any CPU
		{EC764A17-6320-4F16-B79F-DF234F9E0C1F}.Debug|Any CPU.ActiveCfg = Debug|Any CPU
		{EC764A17-6320-4F16-B79F-DF234F9E0C1F}.Debug|Any CPU.Build.0 = Debug|Any CPU
		{EC764A17-6320-4F16-B79F-DF234F9E0C1F}.Release|Any CPU.ActiveCfg = Release|Any CPU
		{EC764A17-6320-4F16-B79F-DF234F9E0C1F}.Release|Any CPU.Build.0 = Release|Any CPU
	EndGlobalSection
	GlobalSection(SolutionProperties) = preSolution
		HideSolutionNode = FALSE
	EndGlobalSection
	GlobalSection(ExtensibilityGlobals) = postSolution
		SolutionGuid = {EC977164-8643-4C3A-BDE2-8E209CF4E84E}
	EndGlobalSection
EndGlobal
